
Microsoft Visual Studio Solution File, Format Version 12.00
# Visual Studio Version 16
VisualStudioVersion = 16.0.35931.194
MinimumVisualStudioVersion = 10.0.40219.1
Project("{8BC9CEB8-8B4A-11D0-8D11-00A0C91BC942}") = "ProcesDebugTest", "ProcesDebugTest.vcxproj", "{286476CD-ED03-42E9-BE13-3F47B1BFCF60}"
EndProject
Project("{8BC9CEB8-8B4A-11D0-8D11-00A0C91BC942}") = "libcommon", "..\libcommon\VS2019\libcommon.vcxproj", "{3E4D08F3-E8D7-4EE7-9A80-768D0973813A}"
EndProject
Global
	GlobalSection(SolutionConfigurationPlatforms) = preSolution
		Debug|x64 = Debug|x64
		Debug|x86 = Debug|x86
		Release|x64 = Release|x64
		Release|x86 = Release|x86
	EndGlobalSection
	GlobalSection(ProjectConfigurationPlatforms) = postSolution
		{286476CD-ED03-42E9-BE13-3F47B1BFCF60}.Debug|x64.ActiveCfg = Debug|x64
		{286476CD-ED03-42E9-BE13-3F47B1BFCF60}.Debug|x64.Build.0 = Debug|x64
		{286476CD-ED03-42E9-BE13-3F47B1BFCF60}.Debug|x86.ActiveCfg = Debug|Win32
		{286476CD-ED03-42E9-BE13-3F47B1BFCF60}.Debug|x86.Build.0 = Debug|Win32
		{286476CD-ED03-42E9-BE13-3F47B1BFCF60}.Release|x64.ActiveCfg = Release|x64
		{286476CD-ED03-42E9-BE13-3F47B1BFCF60}.Release|x64.Build.0 = Release|x64
		{286476CD-ED03-42E9-BE13-3F47B1BFCF60}.Release|x86.ActiveCfg = Release|Win32
		{286476CD-ED03-42E9-BE13-3F47B1BFCF60}.Release|x86.Build.0 = Release|Win32
		{3E4D08F3-E8D7-4EE7-9A80-768D0973813A}.Debug|x64.ActiveCfg = Debug|x64
		{3E4D08F3-E8D7-4EE7-9A80-768D0973813A}.Debug|x64.Build.0 = Debug|x64
		{3E4D08F3-E8D7-4EE7-9A80-768D0973813A}.Debug|x86.ActiveCfg = Debug|Win32
		{3E4D08F3-E8D7-4EE7-9A80-768D0973813A}.Debug|x86.Build.0 = Debug|Win32
		{3E4D08F3-E8D7-4EE7-9A80-768D0973813A}.Release|x64.ActiveCfg = Release|x64
		{3E4D08F3-E8D7-4EE7-9A80-768D0973813A}.Release|x64.Build.0 = Release|x64
		{3E4D08F3-E8D7-4EE7-9A80-768D0973813A}.Release|x86.ActiveCfg = Release|Win32
		{3E4D08F3-E8D7-4EE7-9A80-768D0973813A}.Release|x86.Build.0 = Release|Win32
	EndGlobalSection
	GlobalSection(SolutionProperties) = preSolution
		HideSolutionNode = FALSE
	EndGlobalSection
	GlobalSection(ExtensibilityGlobals) = postSolution
		SolutionGuid = {66D0E483-95F9-469A-BA2A-72EF8A3D1BF1}
	EndGlobalSection
EndGlobal
